
Microsoft Visual Studio Solution File, Format Version 12.00
# Visual Studio Version 17
VisualStudioVersion = 17.2.32519.379
MinimumVisualStudioVersion = 10.0.40219.1
Project("{2150E333-8FDC-42A3-9474-1A3956D46DE8}") = "src", "src", "{0AE80E40-F090-425A-88CC-D3431B4FA147}"
EndProject
Project("{2150E333-8FDC-42A3-9474-1A3956D46DE8}") = "Services", "Services", "{E90508B7-CC3F-45D9-B4EF-0D802BC43B21}"
EndProject
Project("{2150E333-8FDC-42A3-9474-1A3956D46DE8}") = "Trend", "Trend", "{A8FB45E1-7AEA-493D-B2E5-68DE44D6E9BC}"
EndProject
Project("{9A19103F-16F7-4668-BE54-9A1E7A4F7556}") = "Trend.API", "src\Services\Trend\Trend.API\Trend.API.csproj", "{34CD6D56-D325-4591-8ED9-480589F2D7F0}"
EndProject
Project("{2150E333-8FDC-42A3-9474-1A3956D46DE8}") = "BuildingBlocks", "BuildingBlocks", "{E4CAA80B-5C9A-40EE-9BFF-76A5BD7E193A}"
EndProject
Project("{2150E333-8FDC-42A3-9474-1A3956D46DE8}") = "Utility", "Utility", "{553312D9-65CE-4927-B2EA-AC6722A661F9}"
EndProject
Project("{9A19103F-16F7-4668-BE54-9A1E7A4F7556}") = "Http.Common", "src\BuildingBlocks\Utility\Http.Common\Http.Common.csproj", "{D179CBA6-7BA9-4F5A-947B-B51719A8D7C8}"
EndProject
Project("{9A19103F-16F7-4668-BE54-9A1E7A4F7556}") = "Time.Common", "src\BuildingBlocks\Utility\Time.Common\Time.Common.csproj", "{677995B9-E076-4C5E-A089-F5279D551BFC}"
EndProject
Project("{E53339B2-1760-4266-BCC7-CA923CBCF16C}") = "docker-compose", "docker-compose.dcproj", "{B7EB0582-59ED-492B-8A29-14347335D168}"
EndProject
Project("{9A19103F-16F7-4668-BE54-9A1E7A4F7556}") = "Trend.Application", "src\Services\Trend\Trend.Application\Trend.Application.csproj", "{C13A0992-4633-41D5-875A-DF47515545E3}"
EndProject
Project("{9A19103F-16F7-4668-BE54-9A1E7A4F7556}") = "Trend.Domain", "src\Services\Trend\Trend.Domain\Trend.Domain.csproj", "{663D34C1-B5ED-447E-A95D-D6BE562042E5}"
EndProject
Project("{2150E333-8FDC-42A3-9474-1A3956D46DE8}") = "Trend.Instructions", "Trend.Instructions", "{404FFD72-92AD-410E-B5D0-3D47F9D90EF8}"
	ProjectSection(SolutionItems) = preProject
		src\Services\Trend\Trend.Instructions\Create_Serilog_User.txt = src\Services\Trend\Trend.Instructions\Create_Serilog_User.txt
	EndProjectSection
EndProject
Project("{2150E333-8FDC-42A3-9474-1A3956D46DE8}") = "Models", "Models", "{05ED715D-48C4-4D36-9649-DD7F6467CADD}"
EndProject
Project("{9A19103F-16F7-4668-BE54-9A1E7A4F7556}") = "Dtos.Common", "src\BuildingBlocks\Models\Dtos.Common\Dtos.Common.csproj", "{BA912A66-0E67-4290-962B-5F4610B3CADE}"
EndProject
Project("{9A19103F-16F7-4668-BE54-9A1E7A4F7556}") = "String.Common", "src\BuildingBlocks\Utility\String.Common\String.Common.csproj", "{3AD40BC4-2842-4B62-9240-246762D14294}"
EndProject
Project("{9A19103F-16F7-4668-BE54-9A1E7A4F7556}") = "Trend.Grpc", "src\Services\Trend\Trend.Grpc\Trend.Grpc.csproj", "{4490A7FE-A882-481F-9387-B905385B8C8F}"
EndProject
Project("{2150E333-8FDC-42A3-9474-1A3956D46DE8}") = "Solution Items", "Solution Items", "{DDBB15E6-89C1-4A61-B5CB-813F0AF99A1B}"
	ProjectSection(SolutionItems) = preProject
		.editorconfig = .editorconfig
	EndProjectSection
EndProject
Project("{2150E333-8FDC-42A3-9474-1A3956D46DE8}") = "Crypto", "Crypto", "{30DAB5BC-ECCA-4274-8CA7-95E9E6190B13}"
EndProject
Project("{9A19103F-16F7-4668-BE54-9A1E7A4F7556}") = "Crypto.API", "src\Services\Crypto\Crypto.API\Crypto.API.csproj", "{DB379A77-9224-49B5-9C9E-4DFD2AAF3B50}"
EndProject
Project("{9A19103F-16F7-4668-BE54-9A1E7A4F7556}") = "Crypto.Application", "src\Services\Crypto\Crypto.Application\Crypto.Application.csproj", "{77E09B10-9679-4317-A350-7759B09C8E55}"
EndProject
Project("{9A19103F-16F7-4668-BE54-9A1E7A4F7556}") = "Crypto.Core", "src\Services\Crypto\Crypto.Core\Crypto.Core.csproj", "{0F7FB9D4-83D9-4DC7-8CBC-DE5AEEFCE1A8}"
EndProject
Project("{9A19103F-16F7-4668-BE54-9A1E7A4F7556}") = "Crypto.Infrastracture", "src\Services\Crypto\Crypto.Infrastracture\Crypto.Infrastracture.csproj", "{A73CA425-3D4B-4E35-A268-20E2BF624774}"
EndProject
Project("{2150E333-8FDC-42A3-9474-1A3956D46DE8}") = "tests", "tests", "{745E6123-EFEF-43F9-B825-87DCB5F1B3F4}"
EndProject
Project("{2150E333-8FDC-42A3-9474-1A3956D46DE8}") = "Services", "Services", "{60521148-9CB9-46A4-98AB-0BBC0E08139D}"
EndProject
Project("{2150E333-8FDC-42A3-9474-1A3956D46DE8}") = "Crypto", "Crypto", "{ABC3944F-A5C4-42AF-BAD1-0E6DD8EC456F}"
EndProject
Project("{9A19103F-16F7-4668-BE54-9A1E7A4F7556}") = "Crypto.UnitTests", "tests\Services\Crypto\Crypto.UnitTests\Crypto.UnitTests.csproj", "{8C9B7240-8272-4A47-B4F9-B5C882082F15}"
EndProject
Project("{2150E333-8FDC-42A3-9474-1A3956D46DE8}") = "Events", "Events", "{4598C28E-F027-4075-9045-1B5009AA89C9}"
EndProject
Project("{9A19103F-16F7-4668-BE54-9A1E7A4F7556}") = "Events.Common", "src\BuildingBlocks\Events\Events.Common\Events.Common.csproj", "{D96DC344-9500-4090-901B-7B6D892C67E5}"
EndProject
Project("{2150E333-8FDC-42A3-9474-1A3956D46DE8}") = "Event", "Event", "{F956F731-06A9-4BF3-9424-653C3130E348}"
EndProject
Project("{9A19103F-16F7-4668-BE54-9A1E7A4F7556}") = "Event.API", "src\Services\Event\Event.API\Event.API.csproj", "{3FA09F3A-D535-40E8-BC06-C6ECB1D5434C}"
EndProject
Project("{FAE04EC0-301F-11D3-BF4B-00C04F79EFBC}") = "Cryptography.Common", "src\BuildingBlocks\Utility\Cryptography.Common\Cryptography.Common.csproj", "{700BA783-3444-494D-A17B-65860B35A241}"
EndProject
Project("{FAE04EC0-301F-11D3-BF4B-00C04F79EFBC}") = "Keycloak.Common", "src\BuildingBlocks\Utility\Keycloak.Common\Keycloak.Common.csproj", "{EFAC1325-54F7-4C90-B1D6-16E3CF163CDB}"
EndProject
Global
	GlobalSection(SolutionConfigurationPlatforms) = preSolution
		Debug|Any CPU = Debug|Any CPU
		Release|Any CPU = Release|Any CPU
	EndGlobalSection
	GlobalSection(ProjectConfigurationPlatforms) = postSolution
		{34CD6D56-D325-4591-8ED9-480589F2D7F0}.Debug|Any CPU.ActiveCfg = Debug|Any CPU
		{34CD6D56-D325-4591-8ED9-480589F2D7F0}.Debug|Any CPU.Build.0 = Debug|Any CPU
		{34CD6D56-D325-4591-8ED9-480589F2D7F0}.Release|Any CPU.ActiveCfg = Release|Any CPU
		{34CD6D56-D325-4591-8ED9-480589F2D7F0}.Release|Any CPU.Build.0 = Release|Any CPU
		{D179CBA6-7BA9-4F5A-947B-B51719A8D7C8}.Debug|Any CPU.ActiveCfg = Debug|Any CPU
		{D179CBA6-7BA9-4F5A-947B-B51719A8D7C8}.Debug|Any CPU.Build.0 = Debug|Any CPU
		{D179CBA6-7BA9-4F5A-947B-B51719A8D7C8}.Release|Any CPU.ActiveCfg = Release|Any CPU
		{D179CBA6-7BA9-4F5A-947B-B51719A8D7C8}.Release|Any CPU.Build.0 = Release|Any CPU
		{677995B9-E076-4C5E-A089-F5279D551BFC}.Debug|Any CPU.ActiveCfg = Debug|Any CPU
		{677995B9-E076-4C5E-A089-F5279D551BFC}.Debug|Any CPU.Build.0 = Debug|Any CPU
		{677995B9-E076-4C5E-A089-F5279D551BFC}.Release|Any CPU.ActiveCfg = Release|Any CPU
		{677995B9-E076-4C5E-A089-F5279D551BFC}.Release|Any CPU.Build.0 = Release|Any CPU
		{B7EB0582-59ED-492B-8A29-14347335D168}.Debug|Any CPU.ActiveCfg = Debug|Any CPU
		{B7EB0582-59ED-492B-8A29-14347335D168}.Debug|Any CPU.Build.0 = Debug|Any CPU
		{B7EB0582-59ED-492B-8A29-14347335D168}.Release|Any CPU.ActiveCfg = Release|Any CPU
		{B7EB0582-59ED-492B-8A29-14347335D168}.Release|Any CPU.Build.0 = Release|Any CPU
		{C13A0992-4633-41D5-875A-DF47515545E3}.Debug|Any CPU.ActiveCfg = Debug|Any CPU
		{C13A0992-4633-41D5-875A-DF47515545E3}.Debug|Any CPU.Build.0 = Debug|Any CPU
		{C13A0992-4633-41D5-875A-DF47515545E3}.Release|Any CPU.ActiveCfg = Release|Any CPU
		{C13A0992-4633-41D5-875A-DF47515545E3}.Release|Any CPU.Build.0 = Release|Any CPU
		{663D34C1-B5ED-447E-A95D-D6BE562042E5}.Debug|Any CPU.ActiveCfg = Debug|Any CPU
		{663D34C1-B5ED-447E-A95D-D6BE562042E5}.Debug|Any CPU.Build.0 = Debug|Any CPU
		{663D34C1-B5ED-447E-A95D-D6BE562042E5}.Release|Any CPU.ActiveCfg = Release|Any CPU
		{663D34C1-B5ED-447E-A95D-D6BE562042E5}.Release|Any CPU.Build.0 = Release|Any CPU
		{BA912A66-0E67-4290-962B-5F4610B3CADE}.Debug|Any CPU.ActiveCfg = Debug|Any CPU
		{BA912A66-0E67-4290-962B-5F4610B3CADE}.Debug|Any CPU.Build.0 = Debug|Any CPU
		{BA912A66-0E67-4290-962B-5F4610B3CADE}.Release|Any CPU.ActiveCfg = Release|Any CPU
		{BA912A66-0E67-4290-962B-5F4610B3CADE}.Release|Any CPU.Build.0 = Release|Any CPU
		{3AD40BC4-2842-4B62-9240-246762D14294}.Debug|Any CPU.ActiveCfg = Debug|Any CPU
		{3AD40BC4-2842-4B62-9240-246762D14294}.Debug|Any CPU.Build.0 = Debug|Any CPU
		{3AD40BC4-2842-4B62-9240-246762D14294}.Release|Any CPU.ActiveCfg = Release|Any CPU
		{3AD40BC4-2842-4B62-9240-246762D14294}.Release|Any CPU.Build.0 = Release|Any CPU
		{4490A7FE-A882-481F-9387-B905385B8C8F}.Debug|Any CPU.ActiveCfg = Debug|Any CPU
		{4490A7FE-A882-481F-9387-B905385B8C8F}.Debug|Any CPU.Build.0 = Debug|Any CPU
		{4490A7FE-A882-481F-9387-B905385B8C8F}.Release|Any CPU.ActiveCfg = Release|Any CPU
		{4490A7FE-A882-481F-9387-B905385B8C8F}.Release|Any CPU.Build.0 = Release|Any CPU
		{DB379A77-9224-49B5-9C9E-4DFD2AAF3B50}.Debug|Any CPU.ActiveCfg = Debug|Any CPU
		{DB379A77-9224-49B5-9C9E-4DFD2AAF3B50}.Debug|Any CPU.Build.0 = Debug|Any CPU
		{DB379A77-9224-49B5-9C9E-4DFD2AAF3B50}.Release|Any CPU.ActiveCfg = Release|Any CPU
		{DB379A77-9224-49B5-9C9E-4DFD2AAF3B50}.Release|Any CPU.Build.0 = Release|Any CPU
		{77E09B10-9679-4317-A350-7759B09C8E55}.Debug|Any CPU.ActiveCfg = Debug|Any CPU
		{77E09B10-9679-4317-A350-7759B09C8E55}.Debug|Any CPU.Build.0 = Debug|Any CPU
		{77E09B10-9679-4317-A350-7759B09C8E55}.Release|Any CPU.ActiveCfg = Release|Any CPU
		{77E09B10-9679-4317-A350-7759B09C8E55}.Release|Any CPU.Build.0 = Release|Any CPU
		{0F7FB9D4-83D9-4DC7-8CBC-DE5AEEFCE1A8}.Debug|Any CPU.ActiveCfg = Debug|Any CPU
		{0F7FB9D4-83D9-4DC7-8CBC-DE5AEEFCE1A8}.Debug|Any CPU.Build.0 = Debug|Any CPU
		{0F7FB9D4-83D9-4DC7-8CBC-DE5AEEFCE1A8}.Release|Any CPU.ActiveCfg = Release|Any CPU
		{0F7FB9D4-83D9-4DC7-8CBC-DE5AEEFCE1A8}.Release|Any CPU.Build.0 = Release|Any CPU
		{A73CA425-3D4B-4E35-A268-20E2BF624774}.Debug|Any CPU.ActiveCfg = Debug|Any CPU
		{A73CA425-3D4B-4E35-A268-20E2BF624774}.Debug|Any CPU.Build.0 = Debug|Any CPU
		{A73CA425-3D4B-4E35-A268-20E2BF624774}.Release|Any CPU.ActiveCfg = Release|Any CPU
		{A73CA425-3D4B-4E35-A268-20E2BF624774}.Release|Any CPU.Build.0 = Release|Any CPU
		{8C9B7240-8272-4A47-B4F9-B5C882082F15}.Debug|Any CPU.ActiveCfg = Debug|Any CPU
		{8C9B7240-8272-4A47-B4F9-B5C882082F15}.Debug|Any CPU.Build.0 = Debug|Any CPU
		{8C9B7240-8272-4A47-B4F9-B5C882082F15}.Release|Any CPU.ActiveCfg = Release|Any CPU
		{8C9B7240-8272-4A47-B4F9-B5C882082F15}.Release|Any CPU.Build.0 = Release|Any CPU
		{D96DC344-9500-4090-901B-7B6D892C67E5}.Debug|Any CPU.ActiveCfg = Debug|Any CPU
		{D96DC344-9500-4090-901B-7B6D892C67E5}.Debug|Any CPU.Build.0 = Debug|Any CPU
		{D96DC344-9500-4090-901B-7B6D892C67E5}.Release|Any CPU.ActiveCfg = Release|Any CPU
		{D96DC344-9500-4090-901B-7B6D892C67E5}.Release|Any CPU.Build.0 = Release|Any CPU
		{3FA09F3A-D535-40E8-BC06-C6ECB1D5434C}.Debug|Any CPU.ActiveCfg = Debug|Any CPU
		{3FA09F3A-D535-40E8-BC06-C6ECB1D5434C}.Debug|Any CPU.Build.0 = Debug|Any CPU
		{3FA09F3A-D535-40E8-BC06-C6ECB1D5434C}.Release|Any CPU.ActiveCfg = Release|Any CPU
		{3FA09F3A-D535-40E8-BC06-C6ECB1D5434C}.Release|Any CPU.Build.0 = Release|Any CPU
		{700BA783-3444-494D-A17B-65860B35A241}.Debug|Any CPU.ActiveCfg = Debug|Any CPU
		{700BA783-3444-494D-A17B-65860B35A241}.Debug|Any CPU.Build.0 = Debug|Any CPU
		{700BA783-3444-494D-A17B-65860B35A241}.Release|Any CPU.ActiveCfg = Release|Any CPU
		{700BA783-3444-494D-A17B-65860B35A241}.Release|Any CPU.Build.0 = Release|Any CPU
		{EFAC1325-54F7-4C90-B1D6-16E3CF163CDB}.Debug|Any CPU.ActiveCfg = Debug|Any CPU
		{EFAC1325-54F7-4C90-B1D6-16E3CF163CDB}.Debug|Any CPU.Build.0 = Debug|Any CPU
		{EFAC1325-54F7-4C90-B1D6-16E3CF163CDB}.Release|Any CPU.ActiveCfg = Release|Any CPU
		{EFAC1325-54F7-4C90-B1D6-16E3CF163CDB}.Release|Any CPU.Build.0 = Release|Any CPU
	EndGlobalSection
	GlobalSection(SolutionProperties) = preSolution
		HideSolutionNode = FALSE
	EndGlobalSection
	GlobalSection(NestedProjects) = preSolution
		{E90508B7-CC3F-45D9-B4EF-0D802BC43B21} = {0AE80E40-F090-425A-88CC-D3431B4FA147}
		{A8FB45E1-7AEA-493D-B2E5-68DE44D6E9BC} = {E90508B7-CC3F-45D9-B4EF-0D802BC43B21}
		{34CD6D56-D325-4591-8ED9-480589F2D7F0} = {A8FB45E1-7AEA-493D-B2E5-68DE44D6E9BC}
		{E4CAA80B-5C9A-40EE-9BFF-76A5BD7E193A} = {0AE80E40-F090-425A-88CC-D3431B4FA147}
		{553312D9-65CE-4927-B2EA-AC6722A661F9} = {E4CAA80B-5C9A-40EE-9BFF-76A5BD7E193A}
		{D179CBA6-7BA9-4F5A-947B-B51719A8D7C8} = {553312D9-65CE-4927-B2EA-AC6722A661F9}
		{677995B9-E076-4C5E-A089-F5279D551BFC} = {553312D9-65CE-4927-B2EA-AC6722A661F9}
		{C13A0992-4633-41D5-875A-DF47515545E3} = {A8FB45E1-7AEA-493D-B2E5-68DE44D6E9BC}
		{663D34C1-B5ED-447E-A95D-D6BE562042E5} = {A8FB45E1-7AEA-493D-B2E5-68DE44D6E9BC}
		{404FFD72-92AD-410E-B5D0-3D47F9D90EF8} = {A8FB45E1-7AEA-493D-B2E5-68DE44D6E9BC}
		{05ED715D-48C4-4D36-9649-DD7F6467CADD} = {E4CAA80B-5C9A-40EE-9BFF-76A5BD7E193A}
		{BA912A66-0E67-4290-962B-5F4610B3CADE} = {05ED715D-48C4-4D36-9649-DD7F6467CADD}
		{3AD40BC4-2842-4B62-9240-246762D14294} = {553312D9-65CE-4927-B2EA-AC6722A661F9}
		{4490A7FE-A882-481F-9387-B905385B8C8F} = {A8FB45E1-7AEA-493D-B2E5-68DE44D6E9BC}
		{30DAB5BC-ECCA-4274-8CA7-95E9E6190B13} = {E90508B7-CC3F-45D9-B4EF-0D802BC43B21}
		{DB379A77-9224-49B5-9C9E-4DFD2AAF3B50} = {30DAB5BC-ECCA-4274-8CA7-95E9E6190B13}
		{77E09B10-9679-4317-A350-7759B09C8E55} = {30DAB5BC-ECCA-4274-8CA7-95E9E6190B13}
		{0F7FB9D4-83D9-4DC7-8CBC-DE5AEEFCE1A8} = {30DAB5BC-ECCA-4274-8CA7-95E9E6190B13}
		{A73CA425-3D4B-4E35-A268-20E2BF624774} = {30DAB5BC-ECCA-4274-8CA7-95E9E6190B13}
		{60521148-9CB9-46A4-98AB-0BBC0E08139D} = {745E6123-EFEF-43F9-B825-87DCB5F1B3F4}
		{ABC3944F-A5C4-42AF-BAD1-0E6DD8EC456F} = {60521148-9CB9-46A4-98AB-0BBC0E08139D}
		{8C9B7240-8272-4A47-B4F9-B5C882082F15} = {ABC3944F-A5C4-42AF-BAD1-0E6DD8EC456F}
		{4598C28E-F027-4075-9045-1B5009AA89C9} = {E4CAA80B-5C9A-40EE-9BFF-76A5BD7E193A}
		{D96DC344-9500-4090-901B-7B6D892C67E5} = {4598C28E-F027-4075-9045-1B5009AA89C9}
		{F956F731-06A9-4BF3-9424-653C3130E348} = {E90508B7-CC3F-45D9-B4EF-0D802BC43B21}
		{3FA09F3A-D535-40E8-BC06-C6ECB1D5434C} = {F956F731-06A9-4BF3-9424-653C3130E348}
		{700BA783-3444-494D-A17B-65860B35A241} = {553312D9-65CE-4927-B2EA-AC6722A661F9}
		{EFAC1325-54F7-4C90-B1D6-16E3CF163CDB} = {553312D9-65CE-4927-B2EA-AC6722A661F9}
	EndGlobalSection
	GlobalSection(ExtensibilityGlobals) = postSolution
		SolutionGuid = {569C5970-592D-41D7-B24A-4B744A3D2CD0}
	EndGlobalSection
EndGlobal
